{
  "name": "stateful_navigator",
  "version": "0.0.1",
  "lockfileVersion": 2,
  "requires": true,
  "packages": {
    "": {
      "version": "0.0.1",
      "license": "GPL-3.0-or-later",
      "dependencies": {
        "@selfage/message": "^1.0.5"
      },
      "devDependencies": {
        "@selfage/tsconfig": "^1.0.7",
        "typescript": "^4.3.4"
      }
    },
    "node_modules/@selfage/message": {
      "version": "1.0.5",
      "resolved": "https://registry.npmjs.org/@selfage/message/-/message-1.0.5.tgz",
      "integrity": "sha512-GOEPmkVyub1XKM8ptqBN4RRFyHLT+rgagSgpoYVQYD2GYA2aLT1+pjSbYbcHqsR7Dt4Z9yR6/y5zeSclK8IFwg==",
      "dependencies": {
        "@selfage/observable_array": "^1.0.9",
        "@selfage/test_matcher": "^1.0.3"
      }
    },
    "node_modules/@selfage/observable_array": {
      "version": "1.0.10",
      "resolved": "https://registry.npmjs.org/@selfage/observable_array/-/observable_array-1.0.10.tgz",
      "integrity": "sha512-zA46CCZDIPOgUc4ifP355+Nm5ahrjBqT/YGQB7AIAr7C3L9hvkwEy/SbkrNa0pc591ydPbeAuTAwnfvsSwnPdw==",
      "dependencies": {
        "@selfage/test_matcher": "^1.0.3"
      }
    },
    "node_modules/@selfage/test_matcher": {
      "version": "1.0.6",
      "resolved": "https://registry.npmjs.org/@selfage/test_matcher/-/test_matcher-1.0.6.tgz",
      "integrity": "sha512-wiCsTq0LZ5w9XXkTzjqy2bU61OBUqIjYbgCdVG/1w48G0Frtt5nO8viucTzg1Obrc6c29ahNXfegtX3JxgBeaw=="
    },
    "node_modules/@selfage/tsconfig": {
      "version": "1.0.7",
      "resolved": "https://registry.npmjs.org/@selfage/tsconfig/-/tsconfig-1.0.7.tgz",
      "integrity": "sha512-8qk0kkWMfL/hHiV400QaplaZbMJoArFETxYT+3z/T3BZ5Cx0SeZgKB6N+sledpchZBZzpcGHx9d00+uf+faGfA==",
      "dev": true
    },
    "node_modules/typescript": {
      "version": "4.3.4",
      "resolved": "https://registry.npmjs.org/typescript/-/typescript-4.3.4.tgz",
      "integrity": "sha512-uauPG7XZn9F/mo+7MrsRjyvbxFpzemRjKEZXS4AK83oP2KKOJPvb+9cO/gmnv8arWZvhnjVOXz7B49m1l0e9Ew==",
      "dev": true,
      "bin": {
        "tsc": "bin/tsc",
        "tsserver": "bin/tsserver"
      },
      "engines": {
        "node": ">=4.2.0"
      }
    }
  },
  "dependencies": {
    "@selfage/message": {
      "version": "1.0.5",
      "resolved": "https://registry.npmjs.org/@selfage/message/-/message-1.0.5.tgz",
      "integrity": "sha512-GOEPmkVyub1XKM8ptqBN4RRFyHLT+rgagSgpoYVQYD2GYA2aLT1+pjSbYbcHqsR7Dt4Z9yR6/y5zeSclK8IFwg==",
      "requires": {
        "@selfage/observable_array": "^1.0.9",
        "@selfage/test_matcher": "^1.0.3"
      }
    },
    "@selfage/observable_array": {
      "version": "1.0.10",
      "resolved": "https://registry.npmjs.org/@selfage/observable_array/-/observable_array-1.0.10.tgz",
      "integrity": "sha512-zA46CCZDIPOgUc4ifP355+Nm5ahrjBqT/YGQB7AIAr7C3L9hvkwEy/SbkrNa0pc591ydPbeAuTAwnfvsSwnPdw==",
      "requires": {
        "@selfage/test_matcher": "^1.0.3"
      }
    },
    "@selfage/test_matcher": {
      "version": "1.0.6",
      "resolved": "https://registry.npmjs.org/@selfage/test_matcher/-/test_matcher-1.0.6.tgz",
      "integrity": "sha512-wiCsTq0LZ5w9XXkTzjqy2bU61OBUqIjYbgCdVG/1w48G0Frtt5nO8viucTzg1Obrc6c29ahNXfegtX3JxgBeaw=="
    },
    "@selfage/tsconfig": {
      "version": "1.0.7",
      "resolved": "https://registry.npmjs.org/@selfage/tsconfig/-/tsconfig-1.0.7.tgz",
      "integrity": "sha512-8qk0kkWMfL/hHiV400QaplaZbMJoArFETxYT+3z/T3BZ5Cx0SeZgKB6N+sledpchZBZzpcGHx9d00+uf+faGfA==",
      "dev": true
    },
    "typescript": {
      "version": "4.3.4",
      "resolved": "https://registry.npmjs.org/typescript/-/typescript-4.3.4.tgz",
      "integrity": "sha512-uauPG7XZn9F/mo+7MrsRjyvbxFpzemRjKEZXS4AK83oP2KKOJPvb+9cO/gmnv8arWZvhnjVOXz7B49m1l0e9Ew==",
      "dev": true
    }
  }
}
